
Microsoft Visual Studio Solution File, Format Version 12.00
# Visual Studio Version 17
VisualStudioVersion = 17.11.35327.3
MinimumVisualStudioVersion = 10.0.40219.1
Project("{9A19103F-16F7-4668-BE54-9A1E7A4F7556}") = "dzialaj_prosze", "dzialaj_prosze\dzialaj_prosze.csproj", "{E5BDD21B-1114-4165-AAFD-99A33B88E67D}"
	ProjectSection(ProjectDependencies) = postProject
		{4D75307D-06F4-41F7-A53E-AB7DD9054FF5} = {4D75307D-06F4-41F7-A53E-AB7DD9054FF5}
		{CA4AD871-9FA5-41AA-AA3D-2BD65896D057} = {CA4AD871-9FA5-41AA-AA3D-2BD65896D057}
	EndProjectSection
EndProject
Project("{8BC9CEB8-8B4A-11D0-8D11-00A0C91BC942}") = "JAAsm", "JAAsm\JAAsm.vcxproj", "{4D75307D-06F4-41F7-A53E-AB7DD9054FF5}"
EndProject
Project("{FAE04EC0-301F-11D3-BF4B-00C04F79EFBC}") = "Sharpi", "Sharpi\Sharpi.csproj", "{CA4AD871-9FA5-41AA-AA3D-2BD65896D057}"
EndProject
Global
	GlobalSection(SolutionConfigurationPlatforms) = preSolution
		Debug|Any CPU = Debug|Any CPU
		Debug|x64 = Debug|x64
		Debug|x86 = Debug|x86
		Release|Any CPU = Release|Any CPU
		Release|x64 = Release|x64
		Release|x86 = Release|x86
	EndGlobalSection
	GlobalSection(ProjectConfigurationPlatforms) = postSolution
		{E5BDD21B-1114-4165-AAFD-99A33B88E67D}.Debug|Any CPU.ActiveCfg = Debug|x64
		{E5BDD21B-1114-4165-AAFD-99A33B88E67D}.Debug|Any CPU.Build.0 = Debug|x64
		{E5BDD21B-1114-4165-AAFD-99A33B88E67D}.Debug|x64.ActiveCfg = Debug|x64
		{E5BDD21B-1114-4165-AAFD-99A33B88E67D}.Debug|x64.Build.0 = Debug|x64
		{E5BDD21B-1114-4165-AAFD-99A33B88E67D}.Debug|x86.ActiveCfg = Debug|Any CPU
		{E5BDD21B-1114-4165-AAFD-99A33B88E67D}.Debug|x86.Build.0 = Debug|Any CPU
		{E5BDD21B-1114-4165-AAFD-99A33B88E67D}.Release|Any CPU.ActiveCfg = Release|Any CPU
		{E5BDD21B-1114-4165-AAFD-99A33B88E67D}.Release|Any CPU.Build.0 = Release|Any CPU
		{E5BDD21B-1114-4165-AAFD-99A33B88E67D}.Release|x64.ActiveCfg = Release|Any CPU
		{E5BDD21B-1114-4165-AAFD-99A33B88E67D}.Release|x64.Build.0 = Release|Any CPU
		{E5BDD21B-1114-4165-AAFD-99A33B88E67D}.Release|x86.ActiveCfg = Release|Any CPU
		{E5BDD21B-1114-4165-AAFD-99A33B88E67D}.Release|x86.Build.0 = Release|Any CPU
		{4D75307D-06F4-41F7-A53E-AB7DD9054FF5}.Debug|Any CPU.ActiveCfg = Debug|x64
		{4D75307D-06F4-41F7-A53E-AB7DD9054FF5}.Debug|Any CPU.Build.0 = Debug|x64
		{4D75307D-06F4-41F7-A53E-AB7DD9054FF5}.Debug|x64.ActiveCfg = Debug|x64
		{4D75307D-06F4-41F7-A53E-AB7DD9054FF5}.Debug|x64.Build.0 = Debug|x64
		{4D75307D-06F4-41F7-A53E-AB7DD9054FF5}.Debug|x86.ActiveCfg = Debug|Win32
		{4D75307D-06F4-41F7-A53E-AB7DD9054FF5}.Debug|x86.Build.0 = Debug|Win32
		{4D75307D-06F4-41F7-A53E-AB7DD9054FF5}.Release|Any CPU.ActiveCfg = Release|x64
		{4D75307D-06F4-41F7-A53E-AB7DD9054FF5}.Release|Any CPU.Build.0 = Release|x64
		{4D75307D-06F4-41F7-A53E-AB7DD9054FF5}.Release|x64.ActiveCfg = Release|x64
		{4D75307D-06F4-41F7-A53E-AB7DD9054FF5}.Release|x64.Build.0 = Release|x64
		{4D75307D-06F4-41F7-A53E-AB7DD9054FF5}.Release|x86.ActiveCfg = Release|Win32
		{4D75307D-06F4-41F7-A53E-AB7DD9054FF5}.Release|x86.Build.0 = Release|Win32
		{CA4AD871-9FA5-41AA-AA3D-2BD65896D057}.Debug|Any CPU.ActiveCfg = Debug|Any CPU
		{CA4AD871-9FA5-41AA-AA3D-2BD65896D057}.Debug|Any CPU.Build.0 = Debug|Any CPU
		{CA4AD871-9FA5-41AA-AA3D-2BD65896D057}.Debug|x64.ActiveCfg = Debug|Any CPU
		{CA4AD871-9FA5-41AA-AA3D-2BD65896D057}.Debug|x64.Build.0 = Debug|Any CPU
		{CA4AD871-9FA5-41AA-AA3D-2BD65896D057}.Debug|x86.ActiveCfg = Debug|Any CPU
		{CA4AD871-9FA5-41AA-AA3D-2BD65896D057}.Debug|x86.Build.0 = Debug|Any CPU
		{CA4AD871-9FA5-41AA-AA3D-2BD65896D057}.Release|Any CPU.ActiveCfg = Release|Any CPU
		{CA4AD871-9FA5-41AA-AA3D-2BD65896D057}.Release|Any CPU.Build.0 = Release|Any CPU
		{CA4AD871-9FA5-41AA-AA3D-2BD65896D057}.Release|x64.ActiveCfg = Release|Any CPU
		{CA4AD871-9FA5-41AA-AA3D-2BD65896D057}.Release|x64.Build.0 = Release|Any CPU
		{CA4AD871-9FA5-41AA-AA3D-2BD65896D057}.Release|x86.ActiveCfg = Release|Any CPU
		{CA4AD871-9FA5-41AA-AA3D-2BD65896D057}.Release|x86.Build.0 = Release|Any CPU
	EndGlobalSection
	GlobalSection(SolutionProperties) = preSolution
		HideSolutionNode = FALSE
	EndGlobalSection
	GlobalSection(ExtensibilityGlobals) = postSolution
		SolutionGuid = {4B03DB10-3913-45E5-A044-761DFAAF87E1}
	EndGlobalSection
EndGlobal
